// !$*UTF8*$!
{
	archiveVersion = 1;
	classes = {
	};
	objectVersion = 56;
	objects = {

/* Begin PBXBuildFile section */
		751C02F12C6CF5B4008598D2 /* AdditionsCell.swift in Sources */ = {isa = PBXBuildFile; fileRef = 751C02F02C6CF5B4008598D2 /* AdditionsCell.swift */; };
		751C02F42C6CF82C008598D2 /* SnapKit in Frameworks */ = {isa = PBXBuildFile; productRef = 751C02F32C6CF82C008598D2 /* SnapKit */; };
		751C02F82C6CF8A8008598D2 /* IngredientCollectionCell.swift in Sources */ = {isa = PBXBuildFile; fileRef = 751C02F72C6CF8A8008598D2 /* IngredientCollectionCell.swift */; };
		75646A5D2CB692DD00403957 /* UIView+Borders.swift in Sources */ = {isa = PBXBuildFile; fileRef = 75646A5B2CB692DD00403957 /* UIView+Borders.swift */; };
		75646A5E2CB692DD00403957 /* UIView+Blur.swift in Sources */ = {isa = PBXBuildFile; fileRef = 75646A5C2CB692DD00403957 /* UIView+Blur.swift */; };
		A20711782C5A712600431327 /* AppDelegate.swift in Sources */ = {isa = PBXBuildFile; fileRef = A20711772C5A712600431327 /* AppDelegate.swift */; };
		A207117A2C5A712600431327 /* SceneDelegate.swift in Sources */ = {isa = PBXBuildFile; fileRef = A20711792C5A712600431327 /* SceneDelegate.swift */; };
		A207117C2C5A712600431327 /* MenuViewController.swift in Sources */ = {isa = PBXBuildFile; fileRef = A207117B2C5A712600431327 /* MenuViewController.swift */; };
		A207117F2C5A712600431327 /* Base in Resources */ = {isa = PBXBuildFile; fileRef = A207117E2C5A712600431327 /* Base */; };
		A20711842C5A712700431327 /* Base in Resources */ = {isa = PBXBuildFile; fileRef = A20711832C5A712700431327 /* Base */; };
		A207118C2C5A85B300431327 /* ProductCell.swift in Sources */ = {isa = PBXBuildFile; fileRef = A207118B2C5A85B300431327 /* ProductCell.swift */; };
		A207118E2C5A85FA00431327 /* ProductService.swift in Sources */ = {isa = PBXBuildFile; fileRef = A207118D2C5A85FA00431327 /* ProductService.swift */; };
		A20711902C5A861A00431327 /* Product.swift in Sources */ = {isa = PBXBuildFile; fileRef = A207118F2C5A861A00431327 /* Product.swift */; };
		A22274832C7CB6B8009BEE7B /* BannersContainerCell.swift in Sources */ = {isa = PBXBuildFile; fileRef = A22274822C7CB6B8009BEE7B /* BannersContainerCell.swift */; };
		A22274852C7CBC1E009BEE7B /* BannerCollectionCell.swift in Sources */ = {isa = PBXBuildFile; fileRef = A22274842C7CBC1E009BEE7B /* BannerCollectionCell.swift */; };
		A22D09832EBE36E100AC4EEF /* categories.json in Resources */ = {isa = PBXBuildFile; fileRef = A22D09822EBE36D400AC4EEF /* categories.json */; };
		A22D09852EBE36FE00AC4EEF /* ingridients.json in Resources */ = {isa = PBXBuildFile; fileRef = A22D09842EBE36F400AC4EEF /* ingridients.json */; };
		A22D09872EBE372E00AC4EEF /* products.json in Resources */ = {isa = PBXBuildFile; fileRef = A22D09862EBE372700AC4EEF /* products.json */; };
		A233A4112CD7FB4D00D13520 /* AddressStorage.swift in Sources */ = {isa = PBXBuildFile; fileRef = A233A4102CD7FB4D00D13520 /* AddressStorage.swift */; };
		A233A4132CD801A100D13520 /* Address.swift in Sources */ = {isa = PBXBuildFile; fileRef = A233A4122CD801A100D13520 /* Address.swift */; };
		A233A4162CD81A9C00D13520 /* AddressListViewController.swift in Sources */ = {isa = PBXBuildFile; fileRef = A233A4152CD81A9C00D13520 /* AddressListViewController.swift */; };
		A233A4192CD81C7100D13520 /* AddressesCell.swift in Sources */ = {isa = PBXBuildFile; fileRef = A233A4182CD81C7100D13520 /* AddressesCell.swift */; };
		A233A41B2CD827BC00D13520 /* AddressAddViewController.swift in Sources */ = {isa = PBXBuildFile; fileRef = A233A41A2CD827BC00D13520 /* AddressAddViewController.swift */; };
		A238B9532CC1716A0022DE92 /* CategoriesContainerHeader.swift in Sources */ = {isa = PBXBuildFile; fileRef = A238B9522CC1716A0022DE92 /* CategoriesContainerHeader.swift */; };
		A238DEA42CD64D8F001EA466 /* AddressPanelView.swift in Sources */ = {isa = PBXBuildFile; fileRef = A238DEA32CD64D8F001EA466 /* AddressPanelView.swift */; };
		A24640FB2D37E0C500171728 /* RemoteFeatureToggles.swift in Sources */ = {isa = PBXBuildFile; fileRef = A24640FA2D37E0C500171728 /* RemoteFeatureToggles.swift */; };
		A24641D92D5391AE00171728 /* Kingfisher in Frameworks */ = {isa = PBXBuildFile; productRef = A24641D82D5391AE00171728 /* Kingfisher */; };
		A24641DC2D5397DE00171728 /* Nuke in Frameworks */ = {isa = PBXBuildFile; productRef = A24641DB2D5397DE00171728 /* Nuke */; };
		A24947552CD2CDDF00B714AC /* LocationService.swift in Sources */ = {isa = PBXBuildFile; fileRef = A24947542CD2CDDF00B714AC /* LocationService.swift */; };
		A24947572CD2D24100B714AC /* GeocodeService.swift in Sources */ = {isa = PBXBuildFile; fileRef = A24947562CD2D24100B714AC /* GeocodeService.swift */; };
		A249475A2CD37EEF00B714AC /* AddressView.swift in Sources */ = {isa = PBXBuildFile; fileRef = A24947592CD37EEF00B714AC /* AddressView.swift */; };
		A249475C2CD383D200B714AC /* SaveButton.swift in Sources */ = {isa = PBXBuildFile; fileRef = A249475B2CD383D200B714AC /* SaveButton.swift */; };
		A24C05FB2CCBE86E00D0919C /* DI.swift in Sources */ = {isa = PBXBuildFile; fileRef = A24C05FA2CCBE86E00D0919C /* DI.swift */; };
		A273D5F42C5FAF540082B45F /* Label.swift in Sources */ = {isa = PBXBuildFile; fileRef = A273D5F32C5FAF540082B45F /* Label.swift */; };
		A273D5F62C5FB04B0082B45F /* LabelForDiscription.swift in Sources */ = {isa = PBXBuildFile; fileRef = A273D5F52C5FB04B0082B45F /* LabelForDiscription.swift */; };
		A273D5F82C5FB0DD0082B45F /* Button.swift in Sources */ = {isa = PBXBuildFile; fileRef = A273D5F72C5FB0DD0082B45F /* Button.swift */; };
		A273D5FA2C5FB1930082B45F /* ImageView.swift in Sources */ = {isa = PBXBuildFile; fileRef = A273D5F92C5FB1930082B45F /* ImageView.swift */; };
		A273D5FE2C5FB4B00082B45F /* StackView.swift in Sources */ = {isa = PBXBuildFile; fileRef = A273D5FD2C5FB4B00082B45F /* StackView.swift */; };
		A273D62E2C63AD310082B45F /* TabBarController.swift in Sources */ = {isa = PBXBuildFile; fileRef = A273D62D2C63AD310082B45F /* TabBarController.swift */; };
		A273D6302C63B5970082B45F /* CartViewController.swift in Sources */ = {isa = PBXBuildFile; fileRef = A273D62F2C63B5970082B45F /* CartViewController.swift */; };
		A273D6322C63B91A0082B45F /* CartCell.swift in Sources */ = {isa = PBXBuildFile; fileRef = A273D6312C63B91A0082B45F /* CartCell.swift */; };
		A273D6342C6814DB0082B45F /* CustomStepper.swift in Sources */ = {isa = PBXBuildFile; fileRef = A273D6332C6814DB0082B45F /* CustomStepper.swift */; };
		A273D6382C68FFCF0082B45F /* AdditionsCollectionCell.swift in Sources */ = {isa = PBXBuildFile; fileRef = A273D6372C68FFCF0082B45F /* AdditionsCollectionCell.swift */; };
		A27F92C52C8319E100FDCC4E /* StoriesContainerCell.swift in Sources */ = {isa = PBXBuildFile; fileRef = A27F92C42C8319E100FDCC4E /* StoriesContainerCell.swift */; };
		A27F92C72C83274C00FDCC4E /* StoriesCell .swift in Sources */ = {isa = PBXBuildFile; fileRef = A27F92C62C83274C00FDCC4E /* StoriesCell .swift */; };
		A299DDEB2CD0429D003C8102 /* MapViewController.swift in Sources */ = {isa = PBXBuildFile; fileRef = A299DDEA2CD0429D003C8102 /* MapViewController.swift */; };
		A29E0DD82DF067FC00ACE715 /* MenuPresenter.swift in Sources */ = {isa = PBXBuildFile; fileRef = A29E0DD72DF067FC00ACE715 /* MenuPresenter.swift */; };
		A2A452602D2EAFA50097FF29 /* LocalFeatureToggles.swift in Sources */ = {isa = PBXBuildFile; fileRef = A2A4525F2D2EAFA50097FF29 /* LocalFeatureToggles.swift */; };
		A2A452B42D3026B10097FF29 /* FeatureToggleViewController.swift in Sources */ = {isa = PBXBuildFile; fileRef = A2A452B32D3026B10097FF29 /* FeatureToggleViewController.swift */; };
		A2A452B72D3029C00097FF29 /* FeatureToggleCell.swift in Sources */ = {isa = PBXBuildFile; fileRef = A2A452B62D3029C00097FF29 /* FeatureToggleCell.swift */; };
		A2A452BB2D302EF20097FF29 /* FeatureToggles.json in Resources */ = {isa = PBXBuildFile; fileRef = A2A452BA2D302EF10097FF29 /* FeatureToggles.json */; };
		A2A452BD2D302F160097FF29 /* Feature.swift in Sources */ = {isa = PBXBuildFile; fileRef = A2A452BC2D302F160097FF29 /* Feature.swift */; };
		A2A452BF2D3043160097FF29 /* FeatureToggleStorage.swift in Sources */ = {isa = PBXBuildFile; fileRef = A2A452BE2D3043160097FF29 /* FeatureToggleStorage.swift */; };
		A2A48BE62C963C8B001A99FB /* MultiroundPro.otf in Resources */ = {isa = PBXBuildFile; fileRef = A2A48BE52C963C8B001A99FB /* MultiroundPro.otf */; };
		A2A48BEA2C96DF5B001A99FB /* dodo-rounded.ttf in Resources */ = {isa = PBXBuildFile; fileRef = A2A48BE92C96DF5B001A99FB /* dodo-rounded.ttf */; };
		A2A48BEC2C970C05001A99FB /* microsoftsansserif.ttf in Resources */ = {isa = PBXBuildFile; fileRef = A2A48BEB2C970C05001A99FB /* microsoftsansserif.ttf */; };
		A2A48BEE2C970DA9001A99FB /* OpenSans-VariableFont_wdth,wght.ttf in Resources */ = {isa = PBXBuildFile; fileRef = A2A48BED2C970DA9001A99FB /* OpenSans-VariableFont_wdth,wght.ttf */; };
		A2AD42B82CA43B9D003E69AF /* TotalPriceCell.swift in Sources */ = {isa = PBXBuildFile; fileRef = A2AD42B72CA43B9D003E69AF /* TotalPriceCell.swift */; };
		A2AD42BA2CA56AFD003E69AF /* CartPriceView.swift in Sources */ = {isa = PBXBuildFile; fileRef = A2AD42B92CA56AFD003E69AF /* CartPriceView.swift */; };
		A2AFC6332C89B589000788D9 /* IngridientsViewController.swift in Sources */ = {isa = PBXBuildFile; fileRef = A2AFC6322C89B589000788D9 /* IngridientsViewController.swift */; };
		A2AFC6352C8B2ABF000788D9 /* Ingredient.swift in Sources */ = {isa = PBXBuildFile; fileRef = A2AFC6342C8B2ABF000788D9 /* Ingredient.swift */; };
		A2AFC6372C8B2BB9000788D9 /* IngredientService.swift in Sources */ = {isa = PBXBuildFile; fileRef = A2AFC6362C8B2BB9000788D9 /* IngredientService.swift */; };
		A2AFC6392C8B5C68000788D9 /* CategoriesContainerCell.swift in Sources */ = {isa = PBXBuildFile; fileRef = A2AFC6382C8B5C68000788D9 /* CategoriesContainerCell.swift */; };
		A2AFC63B2C8B5E6A000788D9 /* CategoryCell.swift in Sources */ = {isa = PBXBuildFile; fileRef = A2AFC63A2C8B5E6A000788D9 /* CategoryCell.swift */; };
		A2AFC63D2C8B6988000788D9 /* CategoryService.swift in Sources */ = {isa = PBXBuildFile; fileRef = A2AFC63C2C8B6988000788D9 /* CategoryService.swift */; };
		A2AFC63F2C8B69DB000788D9 /* Category.swift in Sources */ = {isa = PBXBuildFile; fileRef = A2AFC63E2C8B69DB000788D9 /* Category.swift */; };
		A2AFC6AA2DF0EE29000AAC8F /* CartPresenter.swift in Sources */ = {isa = PBXBuildFile; fileRef = A2AFC6A92DF0EE29000AAC8F /* CartPresenter.swift */; };
		A2BDB2022CE8D7BB005CF2FD /* UITableView + dequeCell.swift in Sources */ = {isa = PBXBuildFile; fileRef = A2BDB2012CE8D7BB005CF2FD /* UITableView + dequeCell.swift */; };
		A2BDB2042CE8D7DE005CF2FD /* UITableViewCell + reuseId.swift in Sources */ = {isa = PBXBuildFile; fileRef = A2BDB2032CE8D7DE005CF2FD /* UITableViewCell + reuseId.swift */; };
		A2BDB2062CF295E1005CF2FD /* UITableView + dequeHeader.swift in Sources */ = {isa = PBXBuildFile; fileRef = A2BDB2052CF295E1005CF2FD /* UITableView + dequeHeader.swift */; };
		A2BDB2082CF29712005CF2FD /* UITableViewHeaderFooterView + reuseId.swift in Sources */ = {isa = PBXBuildFile; fileRef = A2BDB2072CF29712005CF2FD /* UITableViewHeaderFooterView + reuseId.swift */; };
		A2BDB20B2CF34810005CF2FD /* OrderAttributes.swift in Sources */ = {isa = PBXBuildFile; fileRef = A2BDB20A2CF34810005CF2FD /* OrderAttributes.swift */; };
		A2C50ECB2C885E4300804AF5 /* DetailProductController.swift in Sources */ = {isa = PBXBuildFile; fileRef = A2C50ECA2C885E4300804AF5 /* DetailProductController.swift */; };
		A2C50ECD2C88603B00804AF5 /* PhotoProductCell.swift in Sources */ = {isa = PBXBuildFile; fileRef = A2C50ECC2C88603B00804AF5 /* PhotoProductCell.swift */; };
		A2C50ED12C8869CB00804AF5 /* PizzaSizeDoughCell.swift in Sources */ = {isa = PBXBuildFile; fileRef = A2C50ED02C8869CB00804AF5 /* PizzaSizeDoughCell.swift */; };
		A2C50ED32C88727500804AF5 /* ProductComponentsCell.swift in Sources */ = {isa = PBXBuildFile; fileRef = A2C50ED22C88727500804AF5 /* ProductComponentsCell.swift */; };
		A2C50ED62C88769F00804AF5 /* PizzaIngredientsCell.swift in Sources */ = {isa = PBXBuildFile; fileRef = A2C50ED52C88769F00804AF5 /* PizzaIngredientsCell.swift */; };
		A2C816F12D18042E005D0C57 /* PersonalOffersContainerCell.swift in Sources */ = {isa = PBXBuildFile; fileRef = A2C816F02D18042E005D0C57 /* PersonalOffersContainerCell.swift */; };
		A2C816F32D180929005D0C57 /* PersonalOffersCell.swift in Sources */ = {isa = PBXBuildFile; fileRef = A2C816F22D180929005D0C57 /* PersonalOffersCell.swift */; };
		A2C816F52D184C22005D0C57 /* MissionsContainerCell.swift in Sources */ = {isa = PBXBuildFile; fileRef = A2C816F42D184C22005D0C57 /* MissionsContainerCell.swift */; };
		A2C816F72D184DD1005D0C57 /* MissonsCell.swift in Sources */ = {isa = PBXBuildFile; fileRef = A2C816F62D184DD1005D0C57 /* MissonsCell.swift */; };
		A2D95E282D08FEED00D05963 /* ProfileViewController.swift in Sources */ = {isa = PBXBuildFile; fileRef = A2D95E272D08FEED00D05963 /* ProfileViewController.swift */; };
		A2D95E2B2D09C60C00D05963 /* PersonalDataContainerCell.swift in Sources */ = {isa = PBXBuildFile; fileRef = A2D95E2A2D09C60C00D05963 /* PersonalDataContainerCell.swift */; };
		A2D95E2D2D09E67C00D05963 /* KeyValueLabel.swift in Sources */ = {isa = PBXBuildFile; fileRef = A2D95E2C2D09E67C00D05963 /* KeyValueLabel.swift */; };
		A2D95E2F2D0B5DD900D05963 /* PersonalDataCell.swift in Sources */ = {isa = PBXBuildFile; fileRef = A2D95E2E2D0B5DD900D05963 /* PersonalDataCell.swift */; };
		A2E03FD72C944E440006D43C /* ProductTitleView.swift in Sources */ = {isa = PBXBuildFile; fileRef = A2E03FD62C944E440006D43C /* ProductTitleView.swift */; };
		A2E03FDC2C9463C10006D43C /* Constants.swift in Sources */ = {isa = PBXBuildFile; fileRef = A2E03FDB2C9463C10006D43C /* Constants.swift */; };
		A2E03FDE2C94645F0006D43C /* Assets.xcassets in Resources */ = {isa = PBXBuildFile; fileRef = A2E03FDD2C94645F0006D43C /* Assets.xcassets */; };
		A2E445892CACB57200479266 /* ProfileAddresCell.swift in Sources */ = {isa = PBXBuildFile; fileRef = A2E445882CACB57200479266 /* ProfileAddresCell.swift */; };
		A2E4458B2CAD646700479266 /* CartStorage.swift in Sources */ = {isa = PBXBuildFile; fileRef = A2E4458A2CAD646700479266 /* CartStorage.swift */; };
		A2F623DD2CF74D300077C84F /* PromoCell.swift in Sources */ = {isa = PBXBuildFile; fileRef = A2F623DC2CF74D300077C84F /* PromoCell.swift */; };
		A2F623DF2CF74E150077C84F /* UIView + shadow.swift in Sources */ = {isa = PBXBuildFile; fileRef = A2F623DE2CF74E150077C84F /* UIView + shadow.swift */; };
		A2F623E12CF75B030077C84F /* ScreenFactory.swift in Sources */ = {isa = PBXBuildFile; fileRef = A2F623E02CF75B030077C84F /* ScreenFactory.swift */; };
/* End PBXBuildFile section */

/* Begin PBXFileReference section */
		751C02F02C6CF5B4008598D2 /* AdditionsCell.swift */ = {isa = PBXFileReference; lastKnownFileType = sourcecode.swift; path = AdditionsCell.swift; sourceTree = "<group>"; };
		751C02F72C6CF8A8008598D2 /* IngredientCollectionCell.swift */ = {isa = PBXFileReference; fileEncoding = 4; lastKnownFileType = sourcecode.swift; path = IngredientCollectionCell.swift; sourceTree = "<group>"; };
		75646A5B2CB692DD00403957 /* UIView+Borders.swift */ = {isa = PBXFileReference; fileEncoding = 4; lastKnownFileType = sourcecode.swift; name = "UIView+Borders.swift"; path = "Dodo/Extensions/UIView+Borders.swift"; sourceTree = SOURCE_ROOT; };
		75646A5C2CB692DD00403957 /* UIView+Blur.swift */ = {isa = PBXFileReference; fileEncoding = 4; lastKnownFileType = sourcecode.swift; name = "UIView+Blur.swift"; path = "Dodo/Extensions/UIView+Blur.swift"; sourceTree = SOURCE_ROOT; };
		A20711742C5A712600431327 /* Dodo.app */ = {isa = PBXFileReference; explicitFileType = wrapper.application; includeInIndex = 0; path = Dodo.app; sourceTree = BUILT_PRODUCTS_DIR; };
		A20711772C5A712600431327 /* AppDelegate.swift */ = {isa = PBXFileReference; lastKnownFileType = sourcecode.swift; path = AppDelegate.swift; sourceTree = "<group>"; };
		A20711792C5A712600431327 /* SceneDelegate.swift */ = {isa = PBXFileReference; lastKnownFileType = sourcecode.swift; path = SceneDelegate.swift; sourceTree = "<group>"; };
		A207117B2C5A712600431327 /* MenuViewController.swift */ = {isa = PBXFileReference; lastKnownFileType = sourcecode.swift; path = MenuViewController.swift; sourceTree = "<group>"; };
		A207117E2C5A712600431327 /* Base */ = {isa = PBXFileReference; lastKnownFileType = file.storyboard; name = Base; path = Base.lproj/Main.storyboard; sourceTree = "<group>"; };
		A20711832C5A712700431327 /* Base */ = {isa = PBXFileReference; lastKnownFileType = file.storyboard; name = Base; path = Base.lproj/LaunchScreen.storyboard; sourceTree = "<group>"; };
		A20711852C5A712700431327 /* Info.plist */ = {isa = PBXFileReference; lastKnownFileType = text.plist.xml; path = Info.plist; sourceTree = "<group>"; };
		A207118B2C5A85B300431327 /* ProductCell.swift */ = {isa = PBXFileReference; lastKnownFileType = sourcecode.swift; path = ProductCell.swift; sourceTree = "<group>"; };
		A207118D2C5A85FA00431327 /* ProductService.swift */ = {isa = PBXFileReference; lastKnownFileType = sourcecode.swift; path = ProductService.swift; sourceTree = "<group>"; };
		A207118F2C5A861A00431327 /* Product.swift */ = {isa = PBXFileReference; lastKnownFileType = sourcecode.swift; path = Product.swift; sourceTree = "<group>"; };
		A22274822C7CB6B8009BEE7B /* BannersContainerCell.swift */ = {isa = PBXFileReference; lastKnownFileType = sourcecode.swift; path = BannersContainerCell.swift; sourceTree = "<group>"; };
		A22274842C7CBC1E009BEE7B /* BannerCollectionCell.swift */ = {isa = PBXFileReference; lastKnownFileType = sourcecode.swift; path = BannerCollectionCell.swift; sourceTree = "<group>"; };
		A22D09822EBE36D400AC4EEF /* categories.json */ = {isa = PBXFileReference; lastKnownFileType = text.json; path = categories.json; sourceTree = "<group>"; };
		A22D09842EBE36F400AC4EEF /* ingridients.json */ = {isa = PBXFileReference; lastKnownFileType = text.json; path = ingridients.json; sourceTree = "<group>"; };
		A22D09862EBE372700AC4EEF /* products.json */ = {isa = PBXFileReference; lastKnownFileType = text.json; path = products.json; sourceTree = "<group>"; };
		A233A4102CD7FB4D00D13520 /* AddressStorage.swift */ = {isa = PBXFileReference; lastKnownFileType = sourcecode.swift; path = AddressStorage.swift; sourceTree = "<group>"; };
		A233A4122CD801A100D13520 /* Address.swift */ = {isa = PBXFileReference; lastKnownFileType = sourcecode.swift; path = Address.swift; sourceTree = "<group>"; };
		A233A4152CD81A9C00D13520 /* AddressListViewController.swift */ = {isa = PBXFileReference; lastKnownFileType = sourcecode.swift; path = AddressListViewController.swift; sourceTree = "<group>"; };
		A233A4182CD81C7100D13520 /* AddressesCell.swift */ = {isa = PBXFileReference; lastKnownFileType = sourcecode.swift; path = AddressesCell.swift; sourceTree = "<group>"; };
		A233A41A2CD827BC00D13520 /* AddressAddViewController.swift */ = {isa = PBXFileReference; lastKnownFileType = sourcecode.swift; path = AddressAddViewController.swift; sourceTree = "<group>"; };
		A238B9522CC1716A0022DE92 /* CategoriesContainerHeader.swift */ = {isa = PBXFileReference; lastKnownFileType = sourcecode.swift; path = CategoriesContainerHeader.swift; sourceTree = "<group>"; };
		A238DEA32CD64D8F001EA466 /* AddressPanelView.swift */ = {isa = PBXFileReference; lastKnownFileType = sourcecode.swift; path = AddressPanelView.swift; sourceTree = "<group>"; };
		A24640FA2D37E0C500171728 /* RemoteFeatureToggles.swift */ = {isa = PBXFileReference; lastKnownFileType = sourcecode.swift; path = RemoteFeatureToggles.swift; sourceTree = "<group>"; };
		A24947542CD2CDDF00B714AC /* LocationService.swift */ = {isa = PBXFileReference; lastKnownFileType = sourcecode.swift; path = LocationService.swift; sourceTree = "<group>"; };
		A24947562CD2D24100B714AC /* GeocodeService.swift */ = {isa = PBXFileReference; lastKnownFileType = sourcecode.swift; path = GeocodeService.swift; sourceTree = "<group>"; };
		A24947592CD37EEF00B714AC /* AddressView.swift */ = {isa = PBXFileReference; lastKnownFileType = sourcecode.swift; path = AddressView.swift; sourceTree = "<group>"; };
		A249475B2CD383D200B714AC /* SaveButton.swift */ = {isa = PBXFileReference; lastKnownFileType = sourcecode.swift; path = SaveButton.swift; sourceTree = "<group>"; };
		A24C05FA2CCBE86E00D0919C /* DI.swift */ = {isa = PBXFileReference; lastKnownFileType = sourcecode.swift; path = DI.swift; sourceTree = "<group>"; };
		A273D5F32C5FAF540082B45F /* Label.swift */ = {isa = PBXFileReference; lastKnownFileType = sourcecode.swift; path = Label.swift; sourceTree = "<group>"; };
		A273D5F52C5FB04B0082B45F /* LabelForDiscription.swift */ = {isa = PBXFileReference; lastKnownFileType = sourcecode.swift; path = LabelForDiscription.swift; sourceTree = "<group>"; };
		A273D5F72C5FB0DD0082B45F /* Button.swift */ = {isa = PBXFileReference; lastKnownFileType = sourcecode.swift; path = Button.swift; sourceTree = "<group>"; };
		A273D5F92C5FB1930082B45F /* ImageView.swift */ = {isa = PBXFileReference; lastKnownFileType = sourcecode.swift; path = ImageView.swift; sourceTree = "<group>"; };
		A273D5FD2C5FB4B00082B45F /* StackView.swift */ = {isa = PBXFileReference; lastKnownFileType = sourcecode.swift; path = StackView.swift; sourceTree = "<group>"; };
		A273D62D2C63AD310082B45F /* TabBarController.swift */ = {isa = PBXFileReference; lastKnownFileType = sourcecode.swift; path = TabBarController.swift; sourceTree = "<group>"; };
		A273D62F2C63B5970082B45F /* CartViewController.swift */ = {isa = PBXFileReference; lastKnownFileType = sourcecode.swift; path = CartViewController.swift; sourceTree = "<group>"; };
		A273D6312C63B91A0082B45F /* CartCell.swift */ = {isa = PBXFileReference; lastKnownFileType = sourcecode.swift; path = CartCell.swift; sourceTree = "<group>"; };
		A273D6332C6814DB0082B45F /* CustomStepper.swift */ = {isa = PBXFileReference; lastKnownFileType = sourcecode.swift; path = CustomStepper.swift; sourceTree = "<group>"; };
		A273D6372C68FFCF0082B45F /* AdditionsCollectionCell.swift */ = {isa = PBXFileReference; lastKnownFileType = sourcecode.swift; path = AdditionsCollectionCell.swift; sourceTree = "<group>"; };
		A27F92C42C8319E100FDCC4E /* StoriesContainerCell.swift */ = {isa = PBXFileReference; lastKnownFileType = sourcecode.swift; path = StoriesContainerCell.swift; sourceTree = "<group>"; };
		A27F92C62C83274C00FDCC4E /* StoriesCell .swift */ = {isa = PBXFileReference; lastKnownFileType = sourcecode.swift; path = "StoriesCell .swift"; sourceTree = "<group>"; };
		A299DDEA2CD0429D003C8102 /* MapViewController.swift */ = {isa = PBXFileReference; lastKnownFileType = sourcecode.swift; path = MapViewController.swift; sourceTree = "<group>"; };
		A29E0DD72DF067FC00ACE715 /* MenuPresenter.swift */ = {isa = PBXFileReference; lastKnownFileType = sourcecode.swift; path = MenuPresenter.swift; sourceTree = "<group>"; };
		A2A4525F2D2EAFA50097FF29 /* LocalFeatureToggles.swift */ = {isa = PBXFileReference; lastKnownFileType = sourcecode.swift; path = LocalFeatureToggles.swift; sourceTree = "<group>"; };
		A2A452B32D3026B10097FF29 /* FeatureToggleViewController.swift */ = {isa = PBXFileReference; lastKnownFileType = sourcecode.swift; path = FeatureToggleViewController.swift; sourceTree = "<group>"; };
		A2A452B62D3029C00097FF29 /* FeatureToggleCell.swift */ = {isa = PBXFileReference; lastKnownFileType = sourcecode.swift; path = FeatureToggleCell.swift; sourceTree = "<group>"; };
		A2A452BA2D302EF10097FF29 /* FeatureToggles.json */ = {isa = PBXFileReference; fileEncoding = 4; lastKnownFileType = text.json; path = FeatureToggles.json; sourceTree = "<group>"; };
		A2A452BC2D302F160097FF29 /* Feature.swift */ = {isa = PBXFileReference; fileEncoding = 4; lastKnownFileType = sourcecode.swift; path = Feature.swift; sourceTree = "<group>"; };
		A2A452BE2D3043160097FF29 /* FeatureToggleStorage.swift */ = {isa = PBXFileReference; lastKnownFileType = sourcecode.swift; path = FeatureToggleStorage.swift; sourceTree = "<group>"; };
		A2A48BE52C963C8B001A99FB /* MultiroundPro.otf */ = {isa = PBXFileReference; lastKnownFileType = file; path = MultiroundPro.otf; sourceTree = "<group>"; };
		A2A48BE92C96DF5B001A99FB /* dodo-rounded.ttf */ = {isa = PBXFileReference; lastKnownFileType = file; path = "dodo-rounded.ttf"; sourceTree = "<group>"; };
		A2A48BEB2C970C05001A99FB /* microsoftsansserif.ttf */ = {isa = PBXFileReference; lastKnownFileType = file; path = microsoftsansserif.ttf; sourceTree = "<group>"; };
		A2A48BED2C970DA9001A99FB /* OpenSans-VariableFont_wdth,wght.ttf */ = {isa = PBXFileReference; lastKnownFileType = file; path = "OpenSans-VariableFont_wdth,wght.ttf"; sourceTree = "<group>"; };
		A2AD42B72CA43B9D003E69AF /* TotalPriceCell.swift */ = {isa = PBXFileReference; lastKnownFileType = sourcecode.swift; path = TotalPriceCell.swift; sourceTree = "<group>"; };
		A2AD42B92CA56AFD003E69AF /* CartPriceView.swift */ = {isa = PBXFileReference; lastKnownFileType = sourcecode.swift; path = CartPriceView.swift; sourceTree = "<group>"; };
		A2AFC6322C89B589000788D9 /* IngridientsViewController.swift */ = {isa = PBXFileReference; fileEncoding = 4; lastKnownFileType = sourcecode.swift; path = IngridientsViewController.swift; sourceTree = "<group>"; };
		A2AFC6342C8B2ABF000788D9 /* Ingredient.swift */ = {isa = PBXFileReference; lastKnownFileType = sourcecode.swift; path = Ingredient.swift; sourceTree = "<group>"; };
		A2AFC6362C8B2BB9000788D9 /* IngredientService.swift */ = {isa = PBXFileReference; lastKnownFileType = sourcecode.swift; path = IngredientService.swift; sourceTree = "<group>"; };
		A2AFC6382C8B5C68000788D9 /* CategoriesContainerCell.swift */ = {isa = PBXFileReference; lastKnownFileType = sourcecode.swift; path = CategoriesContainerCell.swift; sourceTree = "<group>"; };
		A2AFC63A2C8B5E6A000788D9 /* CategoryCell.swift */ = {isa = PBXFileReference; lastKnownFileType = sourcecode.swift; path = CategoryCell.swift; sourceTree = "<group>"; };
		A2AFC63C2C8B6988000788D9 /* CategoryService.swift */ = {isa = PBXFileReference; lastKnownFileType = sourcecode.swift; path = CategoryService.swift; sourceTree = "<group>"; };
		A2AFC63E2C8B69DB000788D9 /* Category.swift */ = {isa = PBXFileReference; lastKnownFileType = sourcecode.swift; path = Category.swift; sourceTree = "<group>"; };
		A2AFC6A92DF0EE29000AAC8F /* CartPresenter.swift */ = {isa = PBXFileReference; lastKnownFileType = sourcecode.swift; path = CartPresenter.swift; sourceTree = "<group>"; };
		A2BDB2012CE8D7BB005CF2FD /* UITableView + dequeCell.swift */ = {isa = PBXFileReference; lastKnownFileType = sourcecode.swift; path = "UITableView + dequeCell.swift"; sourceTree = "<group>"; };
		A2BDB2032CE8D7DE005CF2FD /* UITableViewCell + reuseId.swift */ = {isa = PBXFileReference; lastKnownFileType = sourcecode.swift; path = "UITableViewCell + reuseId.swift"; sourceTree = "<group>"; };
		A2BDB2052CF295E1005CF2FD /* UITableView + dequeHeader.swift */ = {isa = PBXFileReference; lastKnownFileType = sourcecode.swift; path = "UITableView + dequeHeader.swift"; sourceTree = "<group>"; };
		A2BDB2072CF29712005CF2FD /* UITableViewHeaderFooterView + reuseId.swift */ = {isa = PBXFileReference; lastKnownFileType = sourcecode.swift; path = "UITableViewHeaderFooterView + reuseId.swift"; sourceTree = "<group>"; };
		A2BDB20A2CF34810005CF2FD /* OrderAttributes.swift */ = {isa = PBXFileReference; lastKnownFileType = sourcecode.swift; path = OrderAttributes.swift; sourceTree = "<group>"; };
		A2C50ECA2C885E4300804AF5 /* DetailProductController.swift */ = {isa = PBXFileReference; lastKnownFileType = sourcecode.swift; path = DetailProductController.swift; sourceTree = "<group>"; };
		A2C50ECC2C88603B00804AF5 /* PhotoProductCell.swift */ = {isa = PBXFileReference; lastKnownFileType = sourcecode.swift; path = PhotoProductCell.swift; sourceTree = "<group>"; };
		A2C50ED02C8869CB00804AF5 /* PizzaSizeDoughCell.swift */ = {isa = PBXFileReference; lastKnownFileType = sourcecode.swift; path = PizzaSizeDoughCell.swift; sourceTree = "<group>"; };
		A2C50ED22C88727500804AF5 /* ProductComponentsCell.swift */ = {isa = PBXFileReference; lastKnownFileType = sourcecode.swift; path = ProductComponentsCell.swift; sourceTree = "<group>"; };
		A2C50ED52C88769F00804AF5 /* PizzaIngredientsCell.swift */ = {isa = PBXFileReference; lastKnownFileType = sourcecode.swift; path = PizzaIngredientsCell.swift; sourceTree = "<group>"; };
		A2C816F02D18042E005D0C57 /* PersonalOffersContainerCell.swift */ = {isa = PBXFileReference; lastKnownFileType = sourcecode.swift; path = PersonalOffersContainerCell.swift; sourceTree = "<group>"; };
		A2C816F22D180929005D0C57 /* PersonalOffersCell.swift */ = {isa = PBXFileReference; lastKnownFileType = sourcecode.swift; path = PersonalOffersCell.swift; sourceTree = "<group>"; };
		A2C816F42D184C22005D0C57 /* MissionsContainerCell.swift */ = {isa = PBXFileReference; lastKnownFileType = sourcecode.swift; path = MissionsContainerCell.swift; sourceTree = "<group>"; };
		A2C816F62D184DD1005D0C57 /* MissonsCell.swift */ = {isa = PBXFileReference; lastKnownFileType = sourcecode.swift; path = MissonsCell.swift; sourceTree = "<group>"; };
		A2D95E272D08FEED00D05963 /* ProfileViewController.swift */ = {isa = PBXFileReference; lastKnownFileType = sourcecode.swift; path = ProfileViewController.swift; sourceTree = "<group>"; };
		A2D95E2A2D09C60C00D05963 /* PersonalDataContainerCell.swift */ = {isa = PBXFileReference; lastKnownFileType = sourcecode.swift; path = PersonalDataContainerCell.swift; sourceTree = "<group>"; };
		A2D95E2C2D09E67C00D05963 /* KeyValueLabel.swift */ = {isa = PBXFileReference; fileEncoding = 4; lastKnownFileType = sourcecode.swift; path = KeyValueLabel.swift; sourceTree = "<group>"; };
		A2D95E2E2D0B5DD900D05963 /* PersonalDataCell.swift */ = {isa = PBXFileReference; lastKnownFileType = sourcecode.swift; path = PersonalDataCell.swift; sourceTree = "<group>"; };
		A2E03FD62C944E440006D43C /* ProductTitleView.swift */ = {isa = PBXFileReference; lastKnownFileType = sourcecode.swift; path = ProductTitleView.swift; sourceTree = "<group>"; };
		A2E03FDB2C9463C10006D43C /* Constants.swift */ = {isa = PBXFileReference; lastKnownFileType = sourcecode.swift; path = Constants.swift; sourceTree = "<group>"; };
		A2E03FDD2C94645F0006D43C /* Assets.xcassets */ = {isa = PBXFileReference; lastKnownFileType = folder.assetcatalog; name = Assets.xcassets; path = Resources/Assets.xcassets; sourceTree = "<group>"; };
		A2E445882CACB57200479266 /* ProfileAddresCell.swift */ = {isa = PBXFileReference; lastKnownFileType = sourcecode.swift; path = ProfileAddresCell.swift; sourceTree = "<group>"; };
		A2E4458A2CAD646700479266 /* CartStorage.swift */ = {isa = PBXFileReference; lastKnownFileType = sourcecode.swift; path = CartStorage.swift; sourceTree = "<group>"; };
		A2F623DC2CF74D300077C84F /* PromoCell.swift */ = {isa = PBXFileReference; lastKnownFileType = sourcecode.swift; path = PromoCell.swift; sourceTree = "<group>"; };
		A2F623DE2CF74E150077C84F /* UIView + shadow.swift */ = {isa = PBXFileReference; lastKnownFileType = sourcecode.swift; path = "UIView + shadow.swift"; sourceTree = "<group>"; };
		A2F623E02CF75B030077C84F /* ScreenFactory.swift */ = {isa = PBXFileReference; lastKnownFileType = sourcecode.swift; path = ScreenFactory.swift; sourceTree = "<group>"; };
/* End PBXFileReference section */

/* Begin PBXFrameworksBuildPhase section */
		A20711712C5A712600431327 /* Frameworks */ = {
			isa = PBXFrameworksBuildPhase;
			buildActionMask = 2147483647;
			files = (
				A24641DC2D5397DE00171728 /* Nuke in Frameworks */,
				A24641D92D5391AE00171728 /* Kingfisher in Frameworks */,
				751C02F42C6CF82C008598D2 /* SnapKit in Frameworks */,
			);
			runOnlyForDeploymentPostprocessing = 0;
		};
/* End PBXFrameworksBuildPhase section */

/* Begin PBXGroup section */
		751C02EC2C6CF448008598D2 /* Cart */ = {
			isa = PBXGroup;
			children = (
				A273D62F2C63B5970082B45F /* CartViewController.swift */,
				A273D6312C63B91A0082B45F /* CartCell.swift */,
				751C02EF2C6CF59C008598D2 /* Cells */,
				A2AFC6A92DF0EE29000AAC8F /* CartPresenter.swift */,
			);
			path = Cart;
			sourceTree = "<group>";
		};
		751C02EE2C6CF592008598D2 /* Additions */ = {
			isa = PBXGroup;
			children = (
				751C02F02C6CF5B4008598D2 /* AdditionsCell.swift */,
				A273D6372C68FFCF0082B45F /* AdditionsCollectionCell.swift */,
			);
			path = Additions;
			sourceTree = "<group>";
		};
		751C02EF2C6CF59C008598D2 /* Cells */ = {
			isa = PBXGroup;
			children = (
				751C02EE2C6CF592008598D2 /* Additions */,
				A2AD42B72CA43B9D003E69AF /* TotalPriceCell.swift */,
				A2AD42B92CA56AFD003E69AF /* CartPriceView.swift */,
			);
			path = Cells;
			sourceTree = "<group>";
		};
		A2033A3C2C9D99C200160131 /* Cells */ = {
			isa = PBXGroup;
			children = (
				A2C50ED02C8869CB00804AF5 /* PizzaSizeDoughCell.swift */,
				A2C50ED22C88727500804AF5 /* ProductComponentsCell.swift */,
				A2C50ECC2C88603B00804AF5 /* PhotoProductCell.swift */,
				A2C50ED52C88769F00804AF5 /* PizzaIngredientsCell.swift */,
				A2E03FD62C944E440006D43C /* ProductTitleView.swift */,
			);
			path = Cells;
			sourceTree = "<group>";
		};
		A207116B2C5A712600431327 = {
			isa = PBXGroup;
			children = (
				A20711762C5A712600431327 /* Dodo */,
				A20711752C5A712600431327 /* Products */,
			);
			sourceTree = "<group>";
		};
		A20711752C5A712600431327 /* Products */ = {
			isa = PBXGroup;
			children = (
				A20711742C5A712600431327 /* Dodo.app */,
			);
			name = Products;
			sourceTree = "<group>";
		};
		A20711762C5A712600431327 /* Dodo */ = {
			isa = PBXGroup;
			children = (
				A2BDB2092CF34732005CF2FD /* LiveActivity */,
				A273D6232C63A19B0082B45F /* App */,
				A24C05F92CCBE84000D0919C /* DI */,
				A273D6212C63A1720082B45F /* Screens */,
				A273D6252C63A1B90082B45F /* Service */,
				A273D6262C63A1C80082B45F /* Models */,
				A273D5FC2C5FB42E0082B45F /* Components */,
				A2E03FD82C94623D0006D43C /* Extensions */,
				A273D6272C63A1D60082B45F /* Resources */,
			);
			path = Dodo;
			sourceTree = "<group>";
		};
		A233A4142CD81A6600D13520 /* AddressList */ = {
			isa = PBXGroup;
			children = (
				A233A4152CD81A9C00D13520 /* AddressListViewController.swift */,
				A233A4172CD81C5C00D13520 /* Cells */,
				A233A41A2CD827BC00D13520 /* AddressAddViewController.swift */,
			);
			path = AddressList;
			sourceTree = "<group>";
		};
		A233A4172CD81C5C00D13520 /* Cells */ = {
			isa = PBXGroup;
			children = (
				A233A4182CD81C7100D13520 /* AddressesCell.swift */,
			);
			path = Cells;
			sourceTree = "<group>";
		};
		A24947582CD37EB500B714AC /* Views */ = {
			isa = PBXGroup;
			children = (
				A24947592CD37EEF00B714AC /* AddressView.swift */,
				A249475B2CD383D200B714AC /* SaveButton.swift */,
				A238DEA32CD64D8F001EA466 /* AddressPanelView.swift */,
			);
			path = Views;
			sourceTree = "<group>";
		};
		A24C05F92CCBE84000D0919C /* DI */ = {
			isa = PBXGroup;
			children = (
				A24C05FA2CCBE86E00D0919C /* DI.swift */,
				A2F623E02CF75B030077C84F /* ScreenFactory.swift */,
			);
			path = DI;
			sourceTree = "<group>";
		};
		A273D5FC2C5FB42E0082B45F /* Components */ = {
			isa = PBXGroup;
			children = (
				A273D6332C6814DB0082B45F /* CustomStepper.swift */,
				A2D95E2C2D09E67C00D05963 /* KeyValueLabel.swift */,
				A273D5FD2C5FB4B00082B45F /* StackView.swift */,
				A273D5F32C5FAF540082B45F /* Label.swift */,
				A273D5F52C5FB04B0082B45F /* LabelForDiscription.swift */,
				A273D5F72C5FB0DD0082B45F /* Button.swift */,
				A273D5F92C5FB1930082B45F /* ImageView.swift */,
			);
			path = Components;
			sourceTree = "<group>";
		};
		A273D6212C63A1720082B45F /* Screens */ = {
			isa = PBXGroup;
			children = (
				A273D6242C63A1A60082B45F /* Menu */,
				A2C50ED42C88758F00804AF5 /* DetailProduct */,
				A2D95E262D08FEBE00D05963 /* Profile */,
				A299DDE92CD041DF003C8102 /* Map */,
				A233A4142CD81A6600D13520 /* AddressList */,
				751C02EC2C6CF448008598D2 /* Cart */,
				A2A452B22D30269B0097FF29 /* FeatureToggle */,
			);
			path = Screens;
			sourceTree = "<group>";
		};
		A273D6222C63A18A0082B45F /* Cell */ = {
			isa = PBXGroup;
			children = (
				A27F92C42C8319E100FDCC4E /* StoriesContainerCell.swift */,
				A22274822C7CB6B8009BEE7B /* BannersContainerCell.swift */,
				A2AFC6382C8B5C68000788D9 /* CategoriesContainerCell.swift */,
				A207118B2C5A85B300431327 /* ProductCell.swift */,
				A22274842C7CBC1E009BEE7B /* BannerCollectionCell.swift */,
				A27F92C62C83274C00FDCC4E /* StoriesCell .swift */,
				A2AFC63A2C8B5E6A000788D9 /* CategoryCell.swift */,
				A2E445882CACB57200479266 /* ProfileAddresCell.swift */,
				A238B9522CC1716A0022DE92 /* CategoriesContainerHeader.swift */,
				A2F623DC2CF74D300077C84F /* PromoCell.swift */,
			);
			path = Cell;
			sourceTree = "<group>";
		};
		A273D6232C63A19B0082B45F /* App */ = {
			isa = PBXGroup;
			children = (
				A20711792C5A712600431327 /* SceneDelegate.swift */,
				A20711772C5A712600431327 /* AppDelegate.swift */,
				A273D62D2C63AD310082B45F /* TabBarController.swift */,
			);
			path = App;
			sourceTree = "<group>";
		};
		A273D6242C63A1A60082B45F /* Menu */ = {
			isa = PBXGroup;
			children = (
				A207117B2C5A712600431327 /* MenuViewController.swift */,
				A29E0DD72DF067FC00ACE715 /* MenuPresenter.swift */,
				A273D6222C63A18A0082B45F /* Cell */,
			);
			path = Menu;
			sourceTree = "<group>";
		};
		A273D6252C63A1B90082B45F /* Service */ = {
			isa = PBXGroup;
			children = (
				A207118D2C5A85FA00431327 /* ProductService.swift */,
				A2AFC6362C8B2BB9000788D9 /* IngredientService.swift */,
				A2AFC63C2C8B6988000788D9 /* CategoryService.swift */,
				A2E4458A2CAD646700479266 /* CartStorage.swift */,
				A24947542CD2CDDF00B714AC /* LocationService.swift */,
				A24947562CD2D24100B714AC /* GeocodeService.swift */,
				A233A4102CD7FB4D00D13520 /* AddressStorage.swift */,
				A2A4525F2D2EAFA50097FF29 /* LocalFeatureToggles.swift */,
				A2A452BE2D3043160097FF29 /* FeatureToggleStorage.swift */,
				A24640FA2D37E0C500171728 /* RemoteFeatureToggles.swift */,
			);
			path = Service;
			sourceTree = "<group>";
		};
		A273D6262C63A1C80082B45F /* Models */ = {
			isa = PBXGroup;
			children = (
				A207118F2C5A861A00431327 /* Product.swift */,
				A2AFC6342C8B2ABF000788D9 /* Ingredient.swift */,
				A2AFC63E2C8B69DB000788D9 /* Category.swift */,
				A233A4122CD801A100D13520 /* Address.swift */,
				A2A452BC2D302F160097FF29 /* Feature.swift */,
			);
			path = Models;
			sourceTree = "<group>";
		};
		A273D6272C63A1D60082B45F /* Resources */ = {
			isa = PBXGroup;
			children = (
				A22D09862EBE372700AC4EEF /* products.json */,
				A22D09842EBE36F400AC4EEF /* ingridients.json */,
				A22D09822EBE36D400AC4EEF /* categories.json */,
				A2A452BA2D302EF10097FF29 /* FeatureToggles.json */,
				A207117D2C5A712600431327 /* Main.storyboard */,
				A2E03FDD2C94645F0006D43C /* Assets.xcassets */,
				A20711822C5A712700431327 /* LaunchScreen.storyboard */,
				A20711852C5A712700431327 /* Info.plist */,
				A2A48BE32C9636B7001A99FB /* Fonts */,
				A2E03FDB2C9463C10006D43C /* Constants.swift */,
			);
			path = Resources;
			sourceTree = "<group>";
		};
		A273D62C2C63AC4B0082B45F /* Ingridients */ = {
			isa = PBXGroup;
			children = (
				A2AFC6322C89B589000788D9 /* IngridientsViewController.swift */,
				751C02F72C6CF8A8008598D2 /* IngredientCollectionCell.swift */,
			);
			path = Ingridients;
			sourceTree = "<group>";
		};
		A299DDE92CD041DF003C8102 /* Map */ = {
			isa = PBXGroup;
			children = (
				A299DDEA2CD0429D003C8102 /* MapViewController.swift */,
				A24947582CD37EB500B714AC /* Views */,
			);
			path = Map;
			sourceTree = "<group>";
		};
		A2A452B22D30269B0097FF29 /* FeatureToggle */ = {
			isa = PBXGroup;
			children = (
				A2A452B32D3026B10097FF29 /* FeatureToggleViewController.swift */,
				A2A452B62D3029C00097FF29 /* FeatureToggleCell.swift */,
			);
			path = FeatureToggle;
			sourceTree = "<group>";
		};
		A2A48BE32C9636B7001A99FB /* Fonts */ = {
			isa = PBXGroup;
			children = (
				A2A48BED2C970DA9001A99FB /* OpenSans-VariableFont_wdth,wght.ttf */,
				A2A48BEB2C970C05001A99FB /* microsoftsansserif.ttf */,
				A2A48BE92C96DF5B001A99FB /* dodo-rounded.ttf */,
				A2A48BE52C963C8B001A99FB /* MultiroundPro.otf */,
			);
			path = Fonts;
			sourceTree = "<group>";
		};
		A2BDB2092CF34732005CF2FD /* LiveActivity */ = {
			isa = PBXGroup;
			children = (
				A2BDB20A2CF34810005CF2FD /* OrderAttributes.swift */,
			);
			path = LiveActivity;
			sourceTree = "<group>";
		};
		A2C50ED42C88758F00804AF5 /* DetailProduct */ = {
			isa = PBXGroup;
			children = (
				A2C50ECA2C885E4300804AF5 /* DetailProductController.swift */,
				A2033A3C2C9D99C200160131 /* Cells */,
				A273D62C2C63AC4B0082B45F /* Ingridients */,
			);
			path = DetailProduct;
			sourceTree = "<group>";
		};
		A2D95E262D08FEBE00D05963 /* Profile */ = {
			isa = PBXGroup;
			children = (
				A2D95E272D08FEED00D05963 /* ProfileViewController.swift */,
				A2D95E292D09C5AD00D05963 /* Cell */,
			);
			path = Profile;
			sourceTree = "<group>";
		};
		A2D95E292D09C5AD00D05963 /* Cell */ = {
			isa = PBXGroup;
			children = (
				A2D95E2A2D09C60C00D05963 /* PersonalDataContainerCell.swift */,
				A2D95E2E2D0B5DD900D05963 /* PersonalDataCell.swift */,
				A2C816F02D18042E005D0C57 /* PersonalOffersContainerCell.swift */,
				A2C816F22D180929005D0C57 /* PersonalOffersCell.swift */,
				A2C816F42D184C22005D0C57 /* MissionsContainerCell.swift */,
				A2C816F62D184DD1005D0C57 /* MissonsCell.swift */,
			);
			path = Cell;
			sourceTree = "<group>";
		};
		A2E03FD82C94623D0006D43C /* Extensions */ = {
			isa = PBXGroup;
			children = (
				75646A5C2CB692DD00403957 /* UIView+Blur.swift */,
				75646A5B2CB692DD00403957 /* UIView+Borders.swift */,
				A2BDB2012CE8D7BB005CF2FD /* UITableView + dequeCell.swift */,
				A2BDB2032CE8D7DE005CF2FD /* UITableViewCell + reuseId.swift */,
				A2BDB2052CF295E1005CF2FD /* UITableView + dequeHeader.swift */,
				A2BDB2072CF29712005CF2FD /* UITableViewHeaderFooterView + reuseId.swift */,
				A2F623DE2CF74E150077C84F /* UIView + shadow.swift */,
			);
			name = Extensions;
			path = Resources/Resources;
			sourceTree = "<group>";
		};
/* End PBXGroup section */

/* Begin PBXNativeTarget section */
		A20711732C5A712600431327 /* Dodo */ = {
			isa = PBXNativeTarget;
			buildConfigurationList = A20711882C5A712700431327 /* Build configuration list for PBXNativeTarget "Dodo" */;
			buildPhases = (
				A20711702C5A712600431327 /* Sources */,
				A20711712C5A712600431327 /* Frameworks */,
				A20711722C5A712600431327 /* Resources */,
			);
			buildRules = (
			);
			dependencies = (
			);
			name = Dodo;
			packageProductDependencies = (
				751C02F32C6CF82C008598D2 /* SnapKit */,
				A24641D82D5391AE00171728 /* Kingfisher */,
				A24641DB2D5397DE00171728 /* Nuke */,
			);
			productName = Dodo;
			productReference = A20711742C5A712600431327 /* Dodo.app */;
			productType = "com.apple.product-type.application";
		};
/* End PBXNativeTarget section */

/* Begin PBXProject section */
		A207116C2C5A712600431327 /* Project object */ = {
			isa = PBXProject;
			attributes = {
				BuildIndependentTargetsInParallel = 1;
				LastSwiftUpdateCheck = 1540;
				LastUpgradeCheck = 1540;
				TargetAttributes = {
					A20711732C5A712600431327 = {
						CreatedOnToolsVersion = 15.4;
					};
				};
			};
			buildConfigurationList = A207116F2C5A712600431327 /* Build configuration list for PBXProject "Dodo" */;
			compatibilityVersion = "Xcode 14.0";
			developmentRegion = en;
			hasScannedForEncodings = 0;
			knownRegions = (
				en,
				Base,
			);
			mainGroup = A207116B2C5A712600431327;
			packageReferences = (
				751C02F22C6CF82C008598D2 /* XCRemoteSwiftPackageReference "SnapKit" */,
				A24641D72D5391AE00171728 /* XCRemoteSwiftPackageReference "Kingfisher" */,
				A24641DA2D5397DE00171728 /* XCRemoteSwiftPackageReference "Nuke" */,
			);
			productRefGroup = A20711752C5A712600431327 /* Products */;
			projectDirPath = "";
			projectRoot = "";
			targets = (
				A20711732C5A712600431327 /* Dodo */,
			);
		};
/* End PBXProject section */

/* Begin PBXResourcesBuildPhase section */
		A20711722C5A712600431327 /* Resources */ = {
			isa = PBXResourcesBuildPhase;
			buildActionMask = 2147483647;
			files = (
				A2A48BE62C963C8B001A99FB /* MultiroundPro.otf in Resources */,
				A22D09832EBE36E100AC4EEF /* categories.json in Resources */,
				A20711842C5A712700431327 /* Base in Resources */,
				A2E03FDE2C94645F0006D43C /* Assets.xcassets in Resources */,
				A2A48BEE2C970DA9001A99FB /* OpenSans-VariableFont_wdth,wght.ttf in Resources */,
				A2A452BB2D302EF20097FF29 /* FeatureToggles.json in Resources */,
				A22D09852EBE36FE00AC4EEF /* ingridients.json in Resources */,
				A207117F2C5A712600431327 /* Base in Resources */,
				A22D09872EBE372E00AC4EEF /* products.json in Resources */,
				A2A48BEC2C970C05001A99FB /* microsoftsansserif.ttf in Resources */,
				A2A48BEA2C96DF5B001A99FB /* dodo-rounded.ttf in Resources */,
			);
			runOnlyForDeploymentPostprocessing = 0;
		};
/* End PBXResourcesBuildPhase section */

/* Begin PBXSourcesBuildPhase section */
		A20711702C5A712600431327 /* Sources */ = {
			isa = PBXSourcesBuildPhase;
			buildActionMask = 2147483647;
			files = (
				A238B9532CC1716A0022DE92 /* CategoriesContainerHeader.swift in Sources */,
				A2E03FDC2C9463C10006D43C /* Constants.swift in Sources */,
				A273D5FA2C5FB1930082B45F /* ImageView.swift in Sources */,
				A273D6342C6814DB0082B45F /* CustomStepper.swift in Sources */,
				A27F92C72C83274C00FDCC4E /* StoriesCell .swift in Sources */,
				A2AFC63D2C8B6988000788D9 /* CategoryService.swift in Sources */,
				A24C05FB2CCBE86E00D0919C /* DI.swift in Sources */,
				A2E4458B2CAD646700479266 /* CartStorage.swift in Sources */,
				A2C50ED32C88727500804AF5 /* ProductComponentsCell.swift in Sources */,
				A2D95E2B2D09C60C00D05963 /* PersonalDataContainerCell.swift in Sources */,
				A273D5FE2C5FB4B00082B45F /* StackView.swift in Sources */,
				A29E0DD82DF067FC00ACE715 /* MenuPresenter.swift in Sources */,
				A207117C2C5A712600431327 /* MenuViewController.swift in Sources */,
				A2C816F12D18042E005D0C57 /* PersonalOffersContainerCell.swift in Sources */,
				A273D6322C63B91A0082B45F /* CartCell.swift in Sources */,
				A207118C2C5A85B300431327 /* ProductCell.swift in Sources */,
				A2AFC6352C8B2ABF000788D9 /* Ingredient.swift in Sources */,
				A2C816F72D184DD1005D0C57 /* MissonsCell.swift in Sources */,
				A20711782C5A712600431327 /* AppDelegate.swift in Sources */,
				A2AFC6AA2DF0EE29000AAC8F /* CartPresenter.swift in Sources */,
				A2E445892CACB57200479266 /* ProfileAddresCell.swift in Sources */,
				A24947572CD2D24100B714AC /* GeocodeService.swift in Sources */,
				A273D5F62C5FB04B0082B45F /* LabelForDiscription.swift in Sources */,
				A2F623DF2CF74E150077C84F /* UIView + shadow.swift in Sources */,
				A2BDB2022CE8D7BB005CF2FD /* UITableView + dequeCell.swift in Sources */,
				A2C816F52D184C22005D0C57 /* MissionsContainerCell.swift in Sources */,
				A2A452602D2EAFA50097FF29 /* LocalFeatureToggles.swift in Sources */,
				A2BDB2042CE8D7DE005CF2FD /* UITableViewCell + reuseId.swift in Sources */,
				A2C50ED62C88769F00804AF5 /* PizzaIngredientsCell.swift in Sources */,
				A2AFC6392C8B5C68000788D9 /* CategoriesContainerCell.swift in Sources */,
				75646A5E2CB692DD00403957 /* UIView+Blur.swift in Sources */,
				751C02F12C6CF5B4008598D2 /* AdditionsCell.swift in Sources */,
				A2C50ED12C8869CB00804AF5 /* PizzaSizeDoughCell.swift in Sources */,
				A249475A2CD37EEF00B714AC /* AddressView.swift in Sources */,
				A24947552CD2CDDF00B714AC /* LocationService.swift in Sources */,
				A22274832C7CB6B8009BEE7B /* BannersContainerCell.swift in Sources */,
				A2C50ECD2C88603B00804AF5 /* PhotoProductCell.swift in Sources */,
				A207117A2C5A712600431327 /* SceneDelegate.swift in Sources */,
				A2A452BF2D3043160097FF29 /* FeatureToggleStorage.swift in Sources */,
				A2D95E282D08FEED00D05963 /* ProfileViewController.swift in Sources */,
				A249475C2CD383D200B714AC /* SaveButton.swift in Sources */,
				A273D62E2C63AD310082B45F /* TabBarController.swift in Sources */,
				A207118E2C5A85FA00431327 /* ProductService.swift in Sources */,
				A273D5F42C5FAF540082B45F /* Label.swift in Sources */,
				A2BDB2062CF295E1005CF2FD /* UITableView + dequeHeader.swift in Sources */,
				A2A452BD2D302F160097FF29 /* Feature.swift in Sources */,
				A22274852C7CBC1E009BEE7B /* BannerCollectionCell.swift in Sources */,
				A2F623DD2CF74D300077C84F /* PromoCell.swift in Sources */,
				A233A41B2CD827BC00D13520 /* AddressAddViewController.swift in Sources */,
				751C02F82C6CF8A8008598D2 /* IngredientCollectionCell.swift in Sources */,
				A2BDB2082CF29712005CF2FD /* UITableViewHeaderFooterView + reuseId.swift in Sources */,
				A2AFC63B2C8B5E6A000788D9 /* CategoryCell.swift in Sources */,
				A233A4132CD801A100D13520 /* Address.swift in Sources */,
				A2A452B42D3026B10097FF29 /* FeatureToggleViewController.swift in Sources */,
				A273D5F82C5FB0DD0082B45F /* Button.swift in Sources */,
				A299DDEB2CD0429D003C8102 /* MapViewController.swift in Sources */,
				A2C50ECB2C885E4300804AF5 /* DetailProductController.swift in Sources */,
				A2AD42B82CA43B9D003E69AF /* TotalPriceCell.swift in Sources */,
				A2F623E12CF75B030077C84F /* ScreenFactory.swift in Sources */,
				A238DEA42CD64D8F001EA466 /* AddressPanelView.swift in Sources */,
				A2AFC6332C89B589000788D9 /* IngridientsViewController.swift in Sources */,
				A273D6382C68FFCF0082B45F /* AdditionsCollectionCell.swift in Sources */,
				A2AD42BA2CA56AFD003E69AF /* CartPriceView.swift in Sources */,
				A20711902C5A861A00431327 /* Product.swift in Sources */,
				A2E03FD72C944E440006D43C /* ProductTitleView.swift in Sources */,
				A2A452B72D3029C00097FF29 /* FeatureToggleCell.swift in Sources */,
				A233A4162CD81A9C00D13520 /* AddressListViewController.swift in Sources */,
				A2D95E2F2D0B5DD900D05963 /* PersonalDataCell.swift in Sources */,
				A2D95E2D2D09E67C00D05963 /* KeyValueLabel.swift in Sources */,
				A233A4112CD7FB4D00D13520 /* AddressStorage.swift in Sources */,
				A2AFC63F2C8B69DB000788D9 /* Category.swift in Sources */,
				A24640FB2D37E0C500171728 /* RemoteFeatureToggles.swift in Sources */,
				75646A5D2CB692DD00403957 /* UIView+Borders.swift in Sources */,
				A27F92C52C8319E100FDCC4E /* StoriesContainerCell.swift in Sources */,
				A2AFC6372C8B2BB9000788D9 /* IngredientService.swift in Sources */,
				A2C816F32D180929005D0C57 /* PersonalOffersCell.swift in Sources */,
				A233A4192CD81C7100D13520 /* AddressesCell.swift in Sources */,
				A2BDB20B2CF34810005CF2FD /* OrderAttributes.swift in Sources */,
				A273D6302C63B5970082B45F /* CartViewController.swift in Sources */,
			);
			runOnlyForDeploymentPostprocessing = 0;
		};
/* End PBXSourcesBuildPhase section */

/* Begin PBXVariantGroup section */
		A207117D2C5A712600431327 /* Main.storyboard */ = {
			isa = PBXVariantGroup;
			children = (
				A207117E2C5A712600431327 /* Base */,
			);
			name = Main.storyboard;
			sourceTree = "<group>";
		};
		A20711822C5A712700431327 /* LaunchScreen.storyboard */ = {
			isa = PBXVariantGroup;
			children = (
				A20711832C5A712700431327 /* Base */,
			);
			name = LaunchScreen.storyboard;
			sourceTree = "<group>";
		};
/* End PBXVariantGroup section */

/* Begin XCBuildConfiguration section */
		A20711862C5A712700431327 /* Debug */ = {
			isa = XCBuildConfiguration;
			buildSettings = {
				ALWAYS_SEARCH_USER_PATHS = NO;
				ASSETCATALOG_COMPILER_GENERATE_SWIFT_ASSET_SYMBOL_EXTENSIONS = YES;
				CLANG_ANALYZER_NONNULL = YES;
				CLANG_ANALYZER_NUMBER_OBJECT_CONVERSION = YES_AGGRESSIVE;
				CLANG_CXX_LANGUAGE_STANDARD = "gnu++20";
				CLANG_ENABLE_MODULES = YES;
				CLANG_ENABLE_OBJC_ARC = YES;
				CLANG_ENABLE_OBJC_WEAK = YES;
				CLANG_WARN_BLOCK_CAPTURE_AUTORELEASING = YES;
				CLANG_WARN_BOOL_CONVERSION = YES;
				CLANG_WARN_COMMA = YES;
				CLANG_WARN_CONSTANT_CONVERSION = YES;
				CLANG_WARN_DEPRECATED_OBJC_IMPLEMENTATIONS = YES;
				CLANG_WARN_DIRECT_OBJC_ISA_USAGE = YES_ERROR;
				CLANG_WARN_DOCUMENTATION_COMMENTS = YES;
				CLANG_WARN_EMPTY_BODY = YES;
				CLANG_WARN_ENUM_CONVERSION = YES;
				CLANG_WARN_INFINITE_RECURSION = YES;
				CLANG_WARN_INT_CONVERSION = YES;
				CLANG_WARN_NON_LITERAL_NULL_CONVERSION = YES;
				CLANG_WARN_OBJC_IMPLICIT_RETAIN_SELF = YES;
				CLANG_WARN_OBJC_LITERAL_CONVERSION = YES;
				CLANG_WARN_OBJC_ROOT_CLASS = YES_ERROR;
				CLANG_WARN_QUOTED_INCLUDE_IN_FRAMEWORK_HEADER = YES;
				CLANG_WARN_RANGE_LOOP_ANALYSIS = YES;
				CLANG_WARN_STRICT_PROTOTYPES = YES;
				CLANG_WARN_SUSPICIOUS_MOVE = YES;
				CLANG_WARN_UNGUARDED_AVAILABILITY = YES_AGGRESSIVE;
				CLANG_WARN_UNREACHABLE_CODE = YES;
				CLANG_WARN__DUPLICATE_METHOD_MATCH = YES;
				COPY_PHASE_STRIP = NO;
				DEBUG_INFORMATION_FORMAT = dwarf;
				ENABLE_STRICT_OBJC_MSGSEND = YES;
				ENABLE_TESTABILITY = YES;
				ENABLE_USER_SCRIPT_SANDBOXING = YES;
				GCC_C_LANGUAGE_STANDARD = gnu17;
				GCC_DYNAMIC_NO_PIC = NO;
				GCC_NO_COMMON_BLOCKS = YES;
				GCC_OPTIMIZATION_LEVEL = 0;
				GCC_PREPROCESSOR_DEFINITIONS = (
					"DEBUG=1",
					"$(inherited)",
				);
				GCC_WARN_64_TO_32_BIT_CONVERSION = YES;
				GCC_WARN_ABOUT_RETURN_TYPE = YES_ERROR;
				GCC_WARN_UNDECLARED_SELECTOR = YES;
				GCC_WARN_UNINITIALIZED_AUTOS = YES_AGGRESSIVE;
				GCC_WARN_UNUSED_FUNCTION = YES;
				GCC_WARN_UNUSED_VARIABLE = YES;
				IPHONEOS_DEPLOYMENT_TARGET = 17.5;
				LOCALIZATION_PREFERS_STRING_CATALOGS = YES;
				MTL_ENABLE_DEBUG_INFO = INCLUDE_SOURCE;
				MTL_FAST_MATH = YES;
				ONLY_ACTIVE_ARCH = YES;
				SDKROOT = iphoneos;
				SWIFT_ACTIVE_COMPILATION_CONDITIONS = "DEBUG $(inherited)";
				SWIFT_OPTIMIZATION_LEVEL = "-Onone";
			};
			name = Debug;
		};
		A20711872C5A712700431327 /* Release */ = {
			isa = XCBuildConfiguration;
			buildSettings = {
				ALWAYS_SEARCH_USER_PATHS = NO;
				ASSETCATALOG_COMPILER_GENERATE_SWIFT_ASSET_SYMBOL_EXTENSIONS = YES;
				CLANG_ANALYZER_NONNULL = YES;
				CLANG_ANALYZER_NUMBER_OBJECT_CONVERSION = YES_AGGRESSIVE;
				CLANG_CXX_LANGUAGE_STANDARD = "gnu++20";
				CLANG_ENABLE_MODULES = YES;
				CLANG_ENABLE_OBJC_ARC = YES;
				CLANG_ENABLE_OBJC_WEAK = YES;
				CLANG_WARN_BLOCK_CAPTURE_AUTORELEASING = YES;
				CLANG_WARN_BOOL_CONVERSION = YES;
				CLANG_WARN_COMMA = YES;
				CLANG_WARN_CONSTANT_CONVERSION = YES;
				CLANG_WARN_DEPRECATED_OBJC_IMPLEMENTATIONS = YES;
				CLANG_WARN_DIRECT_OBJC_ISA_USAGE = YES_ERROR;
				CLANG_WARN_DOCUMENTATION_COMMENTS = YES;
				CLANG_WARN_EMPTY_BODY = YES;
				CLANG_WARN_ENUM_CONVERSION = YES;
				CLANG_WARN_INFINITE_RECURSION = YES;
				CLANG_WARN_INT_CONVERSION = YES;
				CLANG_WARN_NON_LITERAL_NULL_CONVERSION = YES;
				CLANG_WARN_OBJC_IMPLICIT_RETAIN_SELF = YES;
				CLANG_WARN_OBJC_LITERAL_CONVERSION = YES;
				CLANG_WARN_OBJC_ROOT_CLASS = YES_ERROR;
				CLANG_WARN_QUOTED_INCLUDE_IN_FRAMEWORK_HEADER = YES;
				CLANG_WARN_RANGE_LOOP_ANALYSIS = YES;
				CLANG_WARN_STRICT_PROTOTYPES = YES;
				CLANG_WARN_SUSPICIOUS_MOVE = YES;
				CLANG_WARN_UNGUARDED_AVAILABILITY = YES_AGGRESSIVE;
				CLANG_WARN_UNREACHABLE_CODE = YES;
				CLANG_WARN__DUPLICATE_METHOD_MATCH = YES;
				COPY_PHASE_STRIP = NO;
				DEBUG_INFORMATION_FORMAT = "dwarf-with-dsym";
				ENABLE_NS_ASSERTIONS = NO;
				ENABLE_STRICT_OBJC_MSGSEND = YES;
				ENABLE_USER_SCRIPT_SANDBOXING = YES;
				GCC_C_LANGUAGE_STANDARD = gnu17;
				GCC_NO_COMMON_BLOCKS = YES;
				GCC_WARN_64_TO_32_BIT_CONVERSION = YES;
				GCC_WARN_ABOUT_RETURN_TYPE = YES_ERROR;
				GCC_WARN_UNDECLARED_SELECTOR = YES;
				GCC_WARN_UNINITIALIZED_AUTOS = YES_AGGRESSIVE;
				GCC_WARN_UNUSED_FUNCTION = YES;
				GCC_WARN_UNUSED_VARIABLE = YES;
				IPHONEOS_DEPLOYMENT_TARGET = 17.5;
				LOCALIZATION_PREFERS_STRING_CATALOGS = YES;
				MTL_ENABLE_DEBUG_INFO = NO;
				MTL_FAST_MATH = YES;
				SDKROOT = iphoneos;
				SWIFT_COMPILATION_MODE = wholemodule;
				VALIDATE_PRODUCT = YES;
			};
			name = Release;
		};
		A20711892C5A712700431327 /* Debug */ = {
			isa = XCBuildConfiguration;
			buildSettings = {
				ASSETCATALOG_COMPILER_APPICON_NAME = AppIcon;
				ASSETCATALOG_COMPILER_GLOBAL_ACCENT_COLOR_NAME = AccentColor;
				CODE_SIGN_STYLE = Automatic;
				CURRENT_PROJECT_VERSION = 3;
				GENERATE_INFOPLIST_FILE = YES;
				INFOPLIST_FILE = Dodo/Resources/Info.plist;
				INFOPLIST_KEY_UIApplicationSupportsIndirectInputEvents = YES;
				INFOPLIST_KEY_UILaunchStoryboardName = LaunchScreen;
				INFOPLIST_KEY_UIMainStoryboardFile = Main;
				INFOPLIST_KEY_UISupportedInterfaceOrientations_iPad = "UIInterfaceOrientationPortrait UIInterfaceOrientationPortraitUpsideDown UIInterfaceOrientationLandscapeLeft UIInterfaceOrientationLandscapeRight";
				INFOPLIST_KEY_UISupportedInterfaceOrientations_iPhone = "UIInterfaceOrientationPortrait UIInterfaceOrientationLandscapeLeft UIInterfaceOrientationLandscapeRight";
				IPHONEOS_DEPLOYMENT_TARGET = 17.0;
				LD_RUNPATH_SEARCH_PATHS = (
					"$(inherited)",
					"@executable_path/Frameworks",
				);
				MARKETING_VERSION = 1.1.2;
				PRODUCT_BUNDLE_IDENTIFIER = ioTatarBashkir.Dodo;
				PRODUCT_NAME = "$(TARGET_NAME)";
				SWIFT_EMIT_LOC_STRINGS = YES;
				SWIFT_VERSION = 5.0;
				TARGETED_DEVICE_FAMILY = "1,2";
			};
			name = Debug;
		};
		A207118A2C5A712700431327 /* Release */ = {
			isa = XCBuildConfiguration;
			buildSettings = {
				ASSETCATALOG_COMPILER_APPICON_NAME = AppIcon;
				ASSETCATALOG_COMPILER_GLOBAL_ACCENT_COLOR_NAME = AccentColor;
				CODE_SIGN_STYLE = Automatic;
				CURRENT_PROJECT_VERSION = 3;
				GENERATE_INFOPLIST_FILE = YES;
				INFOPLIST_FILE = Dodo/Resources/Info.plist;
				INFOPLIST_KEY_UIApplicationSupportsIndirectInputEvents = YES;
				INFOPLIST_KEY_UILaunchStoryboardName = LaunchScreen;
				INFOPLIST_KEY_UIMainStoryboardFile = Main;
				INFOPLIST_KEY_UISupportedInterfaceOrientations_iPad = "UIInterfaceOrientationPortrait UIInterfaceOrientationPortraitUpsideDown UIInterfaceOrientationLandscapeLeft UIInterfaceOrientationLandscapeRight";
				INFOPLIST_KEY_UISupportedInterfaceOrientations_iPhone = "UIInterfaceOrientationPortrait UIInterfaceOrientationLandscapeLeft UIInterfaceOrientationLandscapeRight";
				IPHONEOS_DEPLOYMENT_TARGET = 17.0;
				LD_RUNPATH_SEARCH_PATHS = (
					"$(inherited)",
					"@executable_path/Frameworks",
				);
				MARKETING_VERSION = 1.1.2;
				PRODUCT_BUNDLE_IDENTIFIER = ioTatarBashkir.Dodo;
				PRODUCT_NAME = "$(TARGET_NAME)";
				SWIFT_EMIT_LOC_STRINGS = YES;
				SWIFT_VERSION = 5.0;
				TARGETED_DEVICE_FAMILY = "1,2";
			};
			name = Release;
		};
/* End XCBuildConfiguration section */

/* Begin XCConfigurationList section */
		A207116F2C5A712600431327 /* Build configuration list for PBXProject "Dodo" */ = {
			isa = XCConfigurationList;
			buildConfigurations = (
				A20711862C5A712700431327 /* Debug */,
				A20711872C5A712700431327 /* Release */,
			);
			defaultConfigurationIsVisible = 0;
			defaultConfigurationName = Release;
		};
		A20711882C5A712700431327 /* Build configuration list for PBXNativeTarget "Dodo" */ = {
			isa = XCConfigurationList;
			buildConfigurations = (
				A20711892C5A712700431327 /* Debug */,
				A207118A2C5A712700431327 /* Release */,
			);
			defaultConfigurationIsVisible = 0;
			defaultConfigurationName = Release;
		};
/* End XCConfigurationList section */

/* Begin XCRemoteSwiftPackageReference section */
		751C02F22C6CF82C008598D2 /* XCRemoteSwiftPackageReference "SnapKit" */ = {
			isa = XCRemoteSwiftPackageReference;
			repositoryURL = "https://github.com/SnapKit/SnapKit";
			requirement = {
				kind = upToNextMajorVersion;
				minimumVersion = 5.7.1;
			};
		};
		A24641D72D5391AE00171728 /* XCRemoteSwiftPackageReference "Kingfisher" */ = {
			isa = XCRemoteSwiftPackageReference;
			repositoryURL = "https://github.com/onevcat/Kingfisher.git";
			requirement = {
				kind = upToNextMajorVersion;
				minimumVersion = 8.2.0;
			};
		};
		A24641DA2D5397DE00171728 /* XCRemoteSwiftPackageReference "Nuke" */ = {
			isa = XCRemoteSwiftPackageReference;
			repositoryURL = "https://github.com/kean/Nuke.git";
			requirement = {
				kind = upToNextMajorVersion;
				minimumVersion = 12.8.0;
			};
		};
/* End XCRemoteSwiftPackageReference section */

/* Begin XCSwiftPackageProductDependency section */
		751C02F32C6CF82C008598D2 /* SnapKit */ = {
			isa = XCSwiftPackageProductDependency;
			package = 751C02F22C6CF82C008598D2 /* XCRemoteSwiftPackageReference "SnapKit" */;
			productName = SnapKit;
		};
		A24641D82D5391AE00171728 /* Kingfisher */ = {
			isa = XCSwiftPackageProductDependency;
			package = A24641D72D5391AE00171728 /* XCRemoteSwiftPackageReference "Kingfisher" */;
			productName = Kingfisher;
		};
		A24641DB2D5397DE00171728 /* Nuke */ = {
			isa = XCSwiftPackageProductDependency;
			package = A24641DA2D5397DE00171728 /* XCRemoteSwiftPackageReference "Nuke" */;
			productName = Nuke;
		};
/* End XCSwiftPackageProductDependency section */
	};
	rootObject = A207116C2C5A712600431327 /* Project object */;
}
